{
  "originHash" : "36a541505c30d34090cdedefc030031e638af680959965c3a8127522b848527f",
  "pins" : [
    {
      "identity" : "extensions",
      "kind" : "remoteSourceControl",
      "location" : "https://github.com/leviouwendijk/Extensions.git",
      "state" : {
        "branch" : "master",
        "revision" : "7d47ff9ceff6014f407c9ba6bc14a3ef8968c338"
      }
    },
    {
      "identity" : "interfaces",
      "kind" : "remoteSourceControl",
      "location" : "https://github.com/leviouwendijk/Interfaces.git",
      "state" : {
        "branch" : "master",
        "revision" : "832b72554adb47421f41a450c984cd1b0914da41"
      }
    },
    {
      "identity" : "plate",
      "kind" : "remoteSourceControl",
      "location" : "https://github.com/leviouwendijk/plate.git",
      "state" : {
        "branch" : "master",
        "revision" : "b3375a88ba061efa57f21b05efecce94dfa474f3"
      }
    },
    {
      "identity" : "structures",
      "kind" : "remoteSourceControl",
      "location" : "https://github.com/leviouwendijk/Structures.git",
      "state" : {
        "branch" : "master",
        "revision" : "626ff3814daac0dfb000651d7112c289e5b8be4e"
      }
    }
  ],
  "version" : 3
}
