{
  "originHash" : "36a541505c30d34090cdedefc030031e638af680959965c3a8127522b848527f",
  "pins" : [
    {
      "identity" : "extensions",
      "kind" : "remoteSourceControl",
      "location" : "https://github.com/leviouwendijk/Extensions.git",
      "state" : {
        "branch" : "master",
        "revision" : "c85d85fb250694fcb294a4cb8f85d8da1252feb0"
      }
    },
    {
      "identity" : "interfaces",
      "kind" : "remoteSourceControl",
      "location" : "https://github.com/leviouwendijk/Interfaces.git",
      "state" : {
        "branch" : "master",
        "revision" : "af5e65a4ed9b3f9a10574b35d2726d351b6e706b"
      }
    },
    {
      "identity" : "plate",
      "kind" : "remoteSourceControl",
      "location" : "https://github.com/leviouwendijk/plate.git",
      "state" : {
        "branch" : "master",
        "revision" : "4573c736d1d57aa84aee65128b43779cc103d31c"
      }
    },
    {
      "identity" : "structures",
      "kind" : "remoteSourceControl",
      "location" : "https://github.com/leviouwendijk/Structures.git",
      "state" : {
        "branch" : "master",
        "revision" : "bb52feb67a350b00d7a6e598ec414e42b22325cc"
      }
    }
  ],
  "version" : 3
}
